
Microsoft Visual Studio Solution File, Format Version 12.00
# Visual Studio Version 17
VisualStudioVersion = 17.7.34031.279
MinimumVisualStudioVersion = 10.0.40219.1
Project("{FAE04EC0-301F-11D3-BF4B-00C04F79EFBC}") = "Nidikwa.FileFormat", "Nidikwa.FileFormat\Nidikwa.FileFormat.csproj", "{9DB7BD14-1F5C-4E57-837C-19186B6D8F23}"
EndProject
Global
	GlobalSection(SolutionConfigurationPlatforms) = preSolution
		Debug|Any CPU = Debug|Any CPU
		Release|Any CPU = Release|Any CPU
	EndGlobalSection
	GlobalSection(ProjectConfigurationPlatforms) = postSolution
		{9DB7BD14-1F5C-4E57-837C-19186B6D8F23}.Debug|Any CPU.ActiveCfg = Debug|Any CPU
		{9DB7BD14-1F5C-4E57-837C-19186B6D8F23}.Debug|Any CPU.Build.0 = Debug|Any CPU
		{9DB7BD14-1F5C-4E57-837C-19186B6D8F23}.Release|Any CPU.ActiveCfg = Release|Any CPU
		{9DB7BD14-1F5C-4E57-837C-19186B6D8F23}.Release|Any CPU.Build.0 = Release|Any CPU
	EndGlobalSection
	GlobalSection(SolutionProperties) = preSolution
		HideSolutionNode = FALSE
	EndGlobalSection
	GlobalSection(ExtensibilityGlobals) = postSolution
		SolutionGuid = {726E8127-05F3-407A-AFAE-C2ED99131AAC}
	EndGlobalSection
EndGlobal
