
Microsoft Visual Studio Solution File, Format Version 12.00
# Visual Studio Version 17
VisualStudioVersion = 17.7.34031.279
MinimumVisualStudioVersion = 10.0.40219.1
Project("{9A19103F-16F7-4668-BE54-9A1E7A4F7556}") = "Nidikwa.FileFormat", "Nidikwa.FileFormat\Nidikwa.FileFormat.csproj", "{9DB7BD14-1F5C-4E57-837C-19186B6D8F23}"
EndProject
Project("{9A19103F-16F7-4668-BE54-9A1E7A4F7556}") = "Nidikwa.FileEncoding", "Nidikwa.FileEncoding\Nidikwa.FileEncoding.csproj", "{2B7D35EE-171F-4FDA-B091-D1AB02C4C091}"
EndProject
Project("{9A19103F-16F7-4668-BE54-9A1E7A4F7556}") = "Nidikwa.FileEncoding.Tests", "Nidikwa.FileEncoding.Tests\Nidikwa.FileEncoding.Tests.csproj", "{F3FF09D8-506B-4C57-AD30-8A23AB3DD56B}"
EndProject
Project("{2150E333-8FDC-42A3-9474-1A3956D46DE8}") = "FileEncoding", "FileEncoding", "{AC59578A-C14D-4363-8D71-3B39F798C5E9}"
EndProject
Project("{FAE04EC0-301F-11D3-BF4B-00C04F79EFBC}") = "Nidikwa.Service", "Nidikwa.Service\Nidikwa.Service.csproj", "{1BD10E6C-ED5A-41B4-A155-10F1E48420BD}"
EndProject
Global
	GlobalSection(SolutionConfigurationPlatforms) = preSolution
		Debug|Any CPU = Debug|Any CPU
		Release|Any CPU = Release|Any CPU
	EndGlobalSection
	GlobalSection(ProjectConfigurationPlatforms) = postSolution
		{9DB7BD14-1F5C-4E57-837C-19186B6D8F23}.Debug|Any CPU.ActiveCfg = Debug|Any CPU
		{9DB7BD14-1F5C-4E57-837C-19186B6D8F23}.Debug|Any CPU.Build.0 = Debug|Any CPU
		{9DB7BD14-1F5C-4E57-837C-19186B6D8F23}.Release|Any CPU.ActiveCfg = Release|Any CPU
		{9DB7BD14-1F5C-4E57-837C-19186B6D8F23}.Release|Any CPU.Build.0 = Release|Any CPU
		{2B7D35EE-171F-4FDA-B091-D1AB02C4C091}.Debug|Any CPU.ActiveCfg = Debug|Any CPU
		{2B7D35EE-171F-4FDA-B091-D1AB02C4C091}.Debug|Any CPU.Build.0 = Debug|Any CPU
		{2B7D35EE-171F-4FDA-B091-D1AB02C4C091}.Release|Any CPU.ActiveCfg = Release|Any CPU
		{2B7D35EE-171F-4FDA-B091-D1AB02C4C091}.Release|Any CPU.Build.0 = Release|Any CPU
		{F3FF09D8-506B-4C57-AD30-8A23AB3DD56B}.Debug|Any CPU.ActiveCfg = Debug|Any CPU
		{F3FF09D8-506B-4C57-AD30-8A23AB3DD56B}.Debug|Any CPU.Build.0 = Debug|Any CPU
		{F3FF09D8-506B-4C57-AD30-8A23AB3DD56B}.Release|Any CPU.ActiveCfg = Release|Any CPU
		{F3FF09D8-506B-4C57-AD30-8A23AB3DD56B}.Release|Any CPU.Build.0 = Release|Any CPU
		{1BD10E6C-ED5A-41B4-A155-10F1E48420BD}.Debug|Any CPU.ActiveCfg = Debug|Any CPU
		{1BD10E6C-ED5A-41B4-A155-10F1E48420BD}.Debug|Any CPU.Build.0 = Debug|Any CPU
		{1BD10E6C-ED5A-41B4-A155-10F1E48420BD}.Release|Any CPU.ActiveCfg = Release|Any CPU
		{1BD10E6C-ED5A-41B4-A155-10F1E48420BD}.Release|Any CPU.Build.0 = Release|Any CPU
	EndGlobalSection
	GlobalSection(SolutionProperties) = preSolution
		HideSolutionNode = FALSE
	EndGlobalSection
	GlobalSection(NestedProjects) = preSolution
		{2B7D35EE-171F-4FDA-B091-D1AB02C4C091} = {AC59578A-C14D-4363-8D71-3B39F798C5E9}
		{F3FF09D8-506B-4C57-AD30-8A23AB3DD56B} = {AC59578A-C14D-4363-8D71-3B39F798C5E9}
	EndGlobalSection
	GlobalSection(ExtensibilityGlobals) = postSolution
		SolutionGuid = {726E8127-05F3-407A-AFAE-C2ED99131AAC}
	EndGlobalSection
EndGlobal
